
Microsoft Visual Studio Solution File, Format Version 12.00
# Visual Studio 15
VisualStudioVersion = 15.0.27428.2037
MinimumVisualStudioVersion = 10.0.40219.1
Project("{FAE04EC0-301F-11D3-BF4B-00C04F79EFBC}") = "EEB_BSUIR", "EEB_BSUIR\EEB_BSUIR.csproj", "{236B5DD4-514D-4D06-A8E6-A1297F714865}"
EndProject
Global
	GlobalSection(SolutionConfigurationPlatforms) = preSolution
		Debug|Any CPU = Debug|Any CPU
		Release|Any CPU = Release|Any CPU
	EndGlobalSection
	GlobalSection(ProjectConfigurationPlatforms) = postSolution
		{236B5DD4-514D-4D06-A8E6-A1297F714865}.Debug|Any CPU.ActiveCfg = Debug|Any CPU
		{236B5DD4-514D-4D06-A8E6-A1297F714865}.Debug|Any CPU.Build.0 = Debug|Any CPU
		{236B5DD4-514D-4D06-A8E6-A1297F714865}.Release|Any CPU.ActiveCfg = Release|Any CPU
		{236B5DD4-514D-4D06-A8E6-A1297F714865}.Release|Any CPU.Build.0 = Release|Any CPU
	EndGlobalSection
	GlobalSection(SolutionProperties) = preSolution
		HideSolutionNode = FALSE
	EndGlobalSection
	GlobalSection(ExtensibilityGlobals) = postSolution
		SolutionGuid = {8E1BF30C-63E2-46DB-9538-A4180A1187CB}
	EndGlobalSection
EndGlobal
